
Microsoft Visual Studio Solution File, Format Version 12.00
# Visual Studio 15
VisualStudioVersion = 15.0.27703.2000
MinimumVisualStudioVersion = 10.0.40219.1
Project("{FAE04EC0-301F-11D3-BF4B-00C04F79EFBC}") = "Figure", "Figure\Figure.csproj", "{D4A29759-F461-4274-B630-EF8B0764291F}"
EndProject
Project("{FAE04EC0-301F-11D3-BF4B-00C04F79EFBC}") = "UnitTestProject1", "UnitTestProject1\UnitTestProject1.csproj", "{464C4070-204A-4E07-9993-3F9D8DBBE16B}"
EndProject
Global
	GlobalSection(SolutionConfigurationPlatforms) = preSolution
		Debug|Any CPU = Debug|Any CPU
		Release|Any CPU = Release|Any CPU
	EndGlobalSection
	GlobalSection(ProjectConfigurationPlatforms) = postSolution
		{D4A29759-F461-4274-B630-EF8B0764291F}.Debug|Any CPU.ActiveCfg = Debug|Any CPU
		{D4A29759-F461-4274-B630-EF8B0764291F}.Debug|Any CPU.Build.0 = Debug|Any CPU
		{D4A29759-F461-4274-B630-EF8B0764291F}.Release|Any CPU.ActiveCfg = Release|Any CPU
		{D4A29759-F461-4274-B630-EF8B0764291F}.Release|Any CPU.Build.0 = Release|Any CPU
		{464C4070-204A-4E07-9993-3F9D8DBBE16B}.Debug|Any CPU.ActiveCfg = Debug|Any CPU
		{464C4070-204A-4E07-9993-3F9D8DBBE16B}.Debug|Any CPU.Build.0 = Debug|Any CPU
		{464C4070-204A-4E07-9993-3F9D8DBBE16B}.Release|Any CPU.ActiveCfg = Release|Any CPU
		{464C4070-204A-4E07-9993-3F9D8DBBE16B}.Release|Any CPU.Build.0 = Release|Any CPU
	EndGlobalSection
	GlobalSection(SolutionProperties) = preSolution
		HideSolutionNode = FALSE
	EndGlobalSection
	GlobalSection(ExtensibilityGlobals) = postSolution
		SolutionGuid = {98604156-D684-459A-8671-40E9E876AE86}
	EndGlobalSection
EndGlobal
